
Microsoft Visual Studio Solution File, Format Version 12.00
# Visual Studio 15
VisualStudioVersion = 15.0.28010.2026
MinimumVisualStudioVersion = 10.0.40219.1
Project("{FAE04EC0-301F-11D3-BF4B-00C04F79EFBC}") = "cadm", "cadm\cadm.csproj", "{B041BD12-1D63-402D-A298-398EA5F9E12C}"
EndProject
Global
	GlobalSection(SolutionConfigurationPlatforms) = preSolution
		Debug|Any CPU = Debug|Any CPU
		Debug|x86 = Debug|x86
		Release|Any CPU = Release|Any CPU
		Release|x86 = Release|x86
	EndGlobalSection
	GlobalSection(ProjectConfigurationPlatforms) = postSolution
		{B041BD12-1D63-402D-A298-398EA5F9E12C}.Debug|Any CPU.ActiveCfg = Debug|Any CPU
		{B041BD12-1D63-402D-A298-398EA5F9E12C}.Debug|Any CPU.Build.0 = Debug|Any CPU
		{B041BD12-1D63-402D-A298-398EA5F9E12C}.Debug|x86.ActiveCfg = Debug|x86
		{B041BD12-1D63-402D-A298-398EA5F9E12C}.Debug|x86.Build.0 = Debug|x86
		{B041BD12-1D63-402D-A298-398EA5F9E12C}.Release|Any CPU.ActiveCfg = Release|Any CPU
		{B041BD12-1D63-402D-A298-398EA5F9E12C}.Release|Any CPU.Build.0 = Release|Any CPU
		{B041BD12-1D63-402D-A298-398EA5F9E12C}.Release|x86.ActiveCfg = Release|x86
		{B041BD12-1D63-402D-A298-398EA5F9E12C}.Release|x86.Build.0 = Release|x86
	EndGlobalSection
	GlobalSection(SolutionProperties) = preSolution
		HideSolutionNode = FALSE
	EndGlobalSection
	GlobalSection(ExtensibilityGlobals) = postSolution
		SolutionGuid = {ADC578E0-D1EA-4FCD-887E-85CAFD5EE3B6}
	EndGlobalSection
EndGlobal
